
Microsoft Visual Studio Solution File, Format Version 12.00
# Visual Studio 14
VisualStudioVersion = 14.0.22823.1
MinimumVisualStudioVersion = 10.0.40219.1
Project("{FAE04EC0-301F-11D3-BF4B-00C04F79EFBC}") = "lab5-Jason", "lab5-Jason\lab5-Jason.csproj", "{32272BF9-E15F-45B7-A743-C4087006DE24}"
EndProject
Project("{2150E333-8FDC-42A3-9474-1A3956D46DE8}") = "PublishScripts", "PublishScripts", "{8AE128A2-4ACB-4D32-B603-181BE486357E}"
	ProjectSection(SolutionItems) = preProject
		PublishScripts\AzureWebsitePublishModule.psm1 = PublishScripts\AzureWebsitePublishModule.psm1
		PublishScripts\Publish-WebApplicationWebsite.ps1 = PublishScripts\Publish-WebApplicationWebsite.ps1
	EndProjectSection
EndProject
Project("{2150E333-8FDC-42A3-9474-1A3956D46DE8}") = "Configurations", "Configurations", "{9D62FE01-CA68-4C99-B846-BB9C6224AC2C}"
	ProjectSection(SolutionItems) = preProject
		PublishScripts\Configurations\lab5-Jason-WAWS-dev.json = PublishScripts\Configurations\lab5-Jason-WAWS-dev.json
	EndProjectSection
EndProject
Global
	GlobalSection(SolutionConfigurationPlatforms) = preSolution
		Debug|Any CPU = Debug|Any CPU
		Release|Any CPU = Release|Any CPU
	EndGlobalSection
	GlobalSection(ProjectConfigurationPlatforms) = postSolution
		{32272BF9-E15F-45B7-A743-C4087006DE24}.Debug|Any CPU.ActiveCfg = Debug|Any CPU
		{32272BF9-E15F-45B7-A743-C4087006DE24}.Debug|Any CPU.Build.0 = Debug|Any CPU
		{32272BF9-E15F-45B7-A743-C4087006DE24}.Release|Any CPU.ActiveCfg = Release|Any CPU
		{32272BF9-E15F-45B7-A743-C4087006DE24}.Release|Any CPU.Build.0 = Release|Any CPU
	EndGlobalSection
	GlobalSection(SolutionProperties) = preSolution
		HideSolutionNode = FALSE
	EndGlobalSection
	GlobalSection(NestedProjects) = preSolution
		{9D62FE01-CA68-4C99-B846-BB9C6224AC2C} = {8AE128A2-4ACB-4D32-B603-181BE486357E}
	EndGlobalSection
EndGlobal
