
Microsoft Visual Studio Solution File, Format Version 12.00
# Visual Studio 14
VisualStudioVersion = 14.0.23107.0
MinimumVisualStudioVersion = 10.0.40219.1
Project("{FAE04EC0-301F-11D3-BF4B-00C04F79EFBC}") = "MikeIt", "MikeIt\MikeIt.csproj", "{38E1B663-B4ED-4E0D-A33F-D013449E856E}"
EndProject
Project("{2150E333-8FDC-42A3-9474-1A3956D46DE8}") = "PublishScripts", "PublishScripts", "{F6741FF9-C76C-45F4-B29A-558D89EDCF62}"
	ProjectSection(SolutionItems) = preProject
		PublishScripts\AzureVMPublishModule.psm1 = PublishScripts\AzureVMPublishModule.psm1
		PublishScripts\Publish-WebApplicationVM.ps1 = PublishScripts\Publish-WebApplicationVM.ps1
	EndProjectSection
EndProject
Project("{2150E333-8FDC-42A3-9474-1A3956D46DE8}") = "Configurations", "Configurations", "{D43317BD-5D78-4DCC-A9B9-1F0185DD6822}"
	ProjectSection(SolutionItems) = preProject
		PublishScripts\Configurations\MikeIt-WAWS-dev.json = PublishScripts\Configurations\MikeIt-WAWS-dev.json
	EndProjectSection
EndProject
Project("{2150E333-8FDC-42A3-9474-1A3956D46DE8}") = "Solution Items", "Solution Items", "{20777A27-85E8-4D18-8062-96B58B8AFC8C}"
	ProjectSection(SolutionItems) = preProject
		MikeIt\App_Data\Database1.mdf = MikeIt\App_Data\Database1.mdf
	EndProjectSection
EndProject
Global
	GlobalSection(SolutionConfigurationPlatforms) = preSolution
		Debug|Any CPU = Debug|Any CPU
		Release|Any CPU = Release|Any CPU
	EndGlobalSection
	GlobalSection(ProjectConfigurationPlatforms) = postSolution
		{38E1B663-B4ED-4E0D-A33F-D013449E856E}.Debug|Any CPU.ActiveCfg = Debug|Any CPU
		{38E1B663-B4ED-4E0D-A33F-D013449E856E}.Debug|Any CPU.Build.0 = Debug|Any CPU
		{38E1B663-B4ED-4E0D-A33F-D013449E856E}.Release|Any CPU.ActiveCfg = Release|Any CPU
		{38E1B663-B4ED-4E0D-A33F-D013449E856E}.Release|Any CPU.Build.0 = Release|Any CPU
	EndGlobalSection
	GlobalSection(SolutionProperties) = preSolution
		HideSolutionNode = FALSE
	EndGlobalSection
	GlobalSection(NestedProjects) = preSolution
		{D43317BD-5D78-4DCC-A9B9-1F0185DD6822} = {F6741FF9-C76C-45F4-B29A-558D89EDCF62}
	EndGlobalSection
EndGlobal
